{
  "object" : {
    "pins" : [
      {
        "package" : "Swift-CAN",
        "repositoryURL" : "https://github.com/AutomotiveSwift/Swift-CAN",
        "state" : {
          "branch" : "master",
          "revision" : "cddf66a23da17a7326d73d10e27f8884acb78de1"
        }
      }
    ]
  },
  "version" : 1
}